
Microsoft Visual Studio Solution File, Format Version 12.00
# Visual Studio Version 17
VisualStudioVersion = 17.8.34525.116
MinimumVisualStudioVersion = 10.0.40219.1
Project("{FAE04EC0-301F-11D3-BF4B-00C04F79EFBC}") = "ProyectoMVC", "ProyectoMVC\ProyectoMVC.csproj", "{1CFC0C34-4067-4909-B152-252677A459EB}"
EndProject
Global
	GlobalSection(SolutionConfigurationPlatforms) = preSolution
		Debug|Any CPU = Debug|Any CPU
		Release|Any CPU = Release|Any CPU
	EndGlobalSection
	GlobalSection(ProjectConfigurationPlatforms) = postSolution
		{1CFC0C34-4067-4909-B152-252677A459EB}.Debug|Any CPU.ActiveCfg = Debug|Any CPU
		{1CFC0C34-4067-4909-B152-252677A459EB}.Debug|Any CPU.Build.0 = Debug|Any CPU
		{1CFC0C34-4067-4909-B152-252677A459EB}.Release|Any CPU.ActiveCfg = Release|Any CPU
		{1CFC0C34-4067-4909-B152-252677A459EB}.Release|Any CPU.Build.0 = Release|Any CPU
	EndGlobalSection
	GlobalSection(SolutionProperties) = preSolution
		HideSolutionNode = FALSE
	EndGlobalSection
	GlobalSection(ExtensibilityGlobals) = postSolution
		SolutionGuid = {6B6E0DF6-FF01-44F7-9D1E-57F596792460}
	EndGlobalSection
EndGlobal
